
Microsoft Visual Studio Solution File, Format Version 12.00
# Visual Studio Version 17
VisualStudioVersion = 17.10.35027.167
MinimumVisualStudioVersion = 10.0.40219.1
Project("{FAE04EC0-301F-11D3-BF4B-00C04F79EFBC}") = "v55Cruiser", "v55Cruiser.csproj", "{B4EF1CD7-6A49-48C9-83C5-61AC5443C037}"
EndProject
Global
	GlobalSection(SolutionConfigurationPlatforms) = preSolution
		Debug|Any CPU = Debug|Any CPU
		Release|Any CPU = Release|Any CPU
	EndGlobalSection
	GlobalSection(ProjectConfigurationPlatforms) = postSolution
		{B4EF1CD7-6A49-48C9-83C5-61AC5443C037}.Debug|Any CPU.ActiveCfg = Debug|Any CPU
		{B4EF1CD7-6A49-48C9-83C5-61AC5443C037}.Debug|Any CPU.Build.0 = Debug|Any CPU
		{B4EF1CD7-6A49-48C9-83C5-61AC5443C037}.Release|Any CPU.ActiveCfg = Release|Any CPU
		{B4EF1CD7-6A49-48C9-83C5-61AC5443C037}.Release|Any CPU.Build.0 = Release|Any CPU
	EndGlobalSection
	GlobalSection(SolutionProperties) = preSolution
		HideSolutionNode = FALSE
	EndGlobalSection
	GlobalSection(ExtensibilityGlobals) = postSolution
		SolutionGuid = {F2984A0C-116F-4E38-95A5-0FCFD0A9921A}
	EndGlobalSection
EndGlobal
